
Microsoft Visual Studio Solution File, Format Version 12.00
# Visual Studio Version 17
VisualStudioVersion = 17.0.32112.339
MinimumVisualStudioVersion = 10.0.40219.1
Project("{FAE04EC0-301F-11D3-BF4B-00C04F79EFBC}") = "SampleAPIAzure", "SampleAPIAzure.csproj", "{1C203E0D-1104-4E50-BA34-3EDF093F86DD}"
EndProject
Global
	GlobalSection(SolutionConfigurationPlatforms) = preSolution
		Debug|Any CPU = Debug|Any CPU
		Release|Any CPU = Release|Any CPU
	EndGlobalSection
	GlobalSection(ProjectConfigurationPlatforms) = postSolution
		{1C203E0D-1104-4E50-BA34-3EDF093F86DD}.Debug|Any CPU.ActiveCfg = Debug|Any CPU
		{1C203E0D-1104-4E50-BA34-3EDF093F86DD}.Debug|Any CPU.Build.0 = Debug|Any CPU
		{1C203E0D-1104-4E50-BA34-3EDF093F86DD}.Release|Any CPU.ActiveCfg = Release|Any CPU
		{1C203E0D-1104-4E50-BA34-3EDF093F86DD}.Release|Any CPU.Build.0 = Release|Any CPU
	EndGlobalSection
	GlobalSection(SolutionProperties) = preSolution
		HideSolutionNode = FALSE
	EndGlobalSection
	GlobalSection(ExtensibilityGlobals) = postSolution
		SolutionGuid = {A09A4B34-7BAF-4471-8397-72A7C37C1633}
	EndGlobalSection
EndGlobal
